lockfileVersion: '9.0'

settings:
  autoInstallPeers: true
  excludeLinksFromLockfile: false

importers:

  .:
    dependencies:
      chalk:
        specifier: ^5.3.0
        version: 5.3.0
      log-update:
        specifier: ^6.0.0
        version: 6.0.0
      zx:
        specifier: ^8.1.2
        version: 8.1.2

packages:

  '@types/fs-extra@11.0.4':
    resolution: {integrity: sha512-yTbItCNreRooED33qjunPthRcSjERP1r4MqCZc7wv0u2sUkzTFp45tgUfS5+r7FrZPdmCCNflLhVSP/o+SemsQ==}

  '@types/jsonfile@6.1.4':
    resolution: {integrity: sha512-D5qGUYwjvnNNextdU59/+fI+spnwtTFmyQP0h+PfIOSkNfpU6AOICUOkm4i0OnSk+NyjdPJrxCDro0sJsWlRpQ==}

  '@types/node@20.14.1':
    resolution: {integrity: sha512-T2MzSGEu+ysB/FkWfqmhV3PLyQlowdptmmgD20C6QxsS8Fmv5SjpZ1ayXaEC0S21/h5UJ9iA6W/5vSNU5l00OA==}

  ansi-escapes@6.2.1:
    resolution: {integrity: sha512-4nJ3yixlEthEJ9Rk4vPcdBRkZvQZlYyu8j4/Mqz5sgIkddmEnH2Yj2ZrnP9S3tQOvSNRUIgVNF/1yPpRAGNRig==}
    engines: {node: '>=14.16'}

  ansi-regex@6.0.1:
    resolution: {integrity: sha512-n5M855fKb2SsfMIiFFoVrABHJC8QtHwVx+mHWP3QcEqBHYienj5dHSgjbxtC0WEZXYt4wcD6zrQElDPhFuZgfA==}
    engines: {node: '>=12'}

  ansi-styles@6.2.1:
    resolution: {integrity: sha512-bN798gFfQX+viw3R7yrGWRqnrN2oRkEkUjjl4JNn4E8GxxbjtG3FbrEIIY3l8/hrwUwIeCZvi4QuOTP4MErVug==}
    engines: {node: '>=12'}

  chalk@5.3.0:
    resolution: {integrity: sha512-dLitG79d+GV1Nb/VYcCDFivJeK1hiukt9QjRNVOsUtTy1rR1YJsmpGGTZ3qJos+uw7WmWF4wUwBd9jxjocFC2w==}
    engines: {node: ^12.17.0 || ^14.13 || >=16.0.0}

  cli-cursor@4.0.0:
    resolution: {integrity: sha512-VGtlMu3x/4DOtIUwEkRezxUZ2lBacNJCHash0N0WeZDBS+7Ux1dm3XWAgWYxLJFMMdOeXMHXorshEFhbMSGelg==}
    engines: {node: ^12.20.0 || ^14.13.1 || >=16.0.0}

  emoji-regex@10.3.0:
    resolution: {integrity: sha512-QpLs9D9v9kArv4lfDEgg1X/gN5XLnf/A6l9cs8SPZLRZR3ZkY9+kwIQTxm+fsSej5UMYGE8fdoaZVIBlqG0XTw==}

  get-east-asian-width@1.2.0:
    resolution: {integrity: sha512-2nk+7SIVb14QrgXFHcm84tD4bKQz0RxPuMT8Ag5KPOq7J5fEmAg0UbXdTOSHqNuHSU28k55qnceesxXRZGzKWA==}
    engines: {node: '>=18'}

  is-fullwidth-code-point@5.0.0:
    resolution: {integrity: sha512-OVa3u9kkBbw7b8Xw5F9P+D/T9X+Z4+JruYVNapTjPYZYUznQ5YfWeFkOj606XYYW8yugTfC8Pj0hYqvi4ryAhA==}
    engines: {node: '>=18'}

  log-update@6.0.0:
    resolution: {integrity: sha512-niTvB4gqvtof056rRIrTZvjNYE4rCUzO6X/X+kYjd7WFxXeJ0NwEFnRxX6ehkvv3jTwrXnNdtAak5XYZuIyPFw==}
    engines: {node: '>=18'}

  mimic-fn@2.1.0:
    resolution: {integrity: sha512-OqbOk5oEQeAZ8WXWydlu9HJjz9WVdEIvamMCcXmuqUYjTknH/sqsWvhQ3vgwKFRR1HpjvNBKQ37nbJgYzGqGcg==}
    engines: {node: '>=6'}

  onetime@5.1.2:
    resolution: {integrity: sha512-kbpaSSGJTWdAY5KPVeMOKXSrPtr8C8C7wodJbcsd51jRnmD+GZu8Y0VoU6Dm5Z4vWr0Ig/1NKuWRKf7j5aaYSg==}
    engines: {node: '>=6'}

  restore-cursor@4.0.0:
    resolution: {integrity: sha512-I9fPXU9geO9bHOt9pHHOhOkYerIMsmVaWB0rA2AI9ERh/+x/i7MV5HKBNrg+ljO5eoPVgCcnFuRjJ9uH6I/3eg==}
    engines: {node: ^12.20.0 || ^14.13.1 || >=16.0.0}

  signal-exit@3.0.7:
    resolution: {integrity: sha512-wnD2ZE+l+SPC/uoS0vXeE9L1+0wuaMqKlfz9AMUo38JsyLSBWSFcHR1Rri62LZc12vLr1gb3jl7iwQhgwpAbGQ==}

  slice-ansi@7.1.0:
    resolution: {integrity: sha512-bSiSngZ/jWeX93BqeIAbImyTbEihizcwNjFoRUIY/T1wWQsfsm2Vw1agPKylXvQTU7iASGdHhyqRlqQzfz+Htg==}
    engines: {node: '>=18'}

  string-width@7.1.0:
    resolution: {integrity: sha512-SEIJCWiX7Kg4c129n48aDRwLbFb2LJmXXFrWBG4NGaRtMQ3myKPKbwrD1BKqQn74oCoNMBVrfDEr5M9YxCsrkw==}
    engines: {node: '>=18'}

  strip-ansi@7.1.0:
    resolution: {integrity: sha512-iq6eVVI64nQQTRYq2KtEg2d2uU7LElhTJwsH4YzIHZshxlgZms/wIc4VoDQTlG/IvVIrBKG06CrZnp0qv7hkcQ==}
    engines: {node: '>=12'}

  undici-types@5.26.5:
    resolution: {integrity: sha512-JlCMO+ehdEIKqlFxk6IfVoAUVmgz7cU7zD/h9XZ0qzeosSHmUJVOzSQvvYSYWXkFXC+IfLKSIffhv0sVZup6pA==}

  wrap-ansi@9.0.0:
    resolution: {integrity: sha512-G8ura3S+3Z2G+mkgNRq8dqaFZAuxfsxpBB8OCTGRTCtp+l/v9nbFNmCUP1BZMts3G1142MsZfn6eeUKrr4PD1Q==}
    engines: {node: '>=18'}

  zx@8.1.2:
    resolution: {integrity: sha512-zkCiXKh8D/eo6r58OmJvO5mc2NthcSRvysb3fuS6VQlHPbEPBcxduRwM3m6ZfHj+7cLHcrahCnuO2TDAbW+6xw==}
    engines: {node: '>= 12.17.0'}
    hasBin: true

snapshots:

  '@types/fs-extra@11.0.4':
    dependencies:
      '@types/jsonfile': 6.1.4
      '@types/node': 20.14.1
    optional: true

  '@types/jsonfile@6.1.4':
    dependencies:
      '@types/node': 20.14.1
    optional: true

  '@types/node@20.14.1':
    dependencies:
      undici-types: 5.26.5
    optional: true

  ansi-escapes@6.2.1: {}

  ansi-regex@6.0.1: {}

  ansi-styles@6.2.1: {}

  chalk@5.3.0: {}

  cli-cursor@4.0.0:
    dependencies:
      restore-cursor: 4.0.0

  emoji-regex@10.3.0: {}

  get-east-asian-width@1.2.0: {}

  is-fullwidth-code-point@5.0.0:
    dependencies:
      get-east-asian-width: 1.2.0

  log-update@6.0.0:
    dependencies:
      ansi-escapes: 6.2.1
      cli-cursor: 4.0.0
      slice-ansi: 7.1.0
      strip-ansi: 7.1.0
      wrap-ansi: 9.0.0

  mimic-fn@2.1.0: {}

  onetime@5.1.2:
    dependencies:
      mimic-fn: 2.1.0

  restore-cursor@4.0.0:
    dependencies:
      onetime: 5.1.2
      signal-exit: 3.0.7

  signal-exit@3.0.7: {}

  slice-ansi@7.1.0:
    dependencies:
      ansi-styles: 6.2.1
      is-fullwidth-code-point: 5.0.0

  string-width@7.1.0:
    dependencies:
      emoji-regex: 10.3.0
      get-east-asian-width: 1.2.0
      strip-ansi: 7.1.0

  strip-ansi@7.1.0:
    dependencies:
      ansi-regex: 6.0.1

  undici-types@5.26.5:
    optional: true

  wrap-ansi@9.0.0:
    dependencies:
      ansi-styles: 6.2.1
      string-width: 7.1.0
      strip-ansi: 7.1.0

  zx@8.1.2:
    optionalDependencies:
      '@types/fs-extra': 11.0.4
      '@types/node': 20.14.1
