lockfileVersion: '9.0'

settings:
  autoInstallPeers: true
  excludeLinksFromLockfile: false

importers:

  .:
    dependencies:
      '@commander-js/extra-typings':
        specifier: ^12.1.0
        version: 12.1.0(commander@12.1.0)
      axios:
        specifier: ^1.7.5
        version: 1.7.7
      boxen:
        specifier: ^8.0.1
        version: 8.0.1
      chalk:
        specifier: ^5.3.0
        version: 5.3.0
      commander:
        specifier: 12.1.0
        version: 12.1.0
      fs-extra:
        specifier: ^11.2.0
        version: 11.2.0
      inquirer:
        specifier: '10'
        version: 10.1.8
      log-update:
        specifier: ^6.1.0
        version: 6.1.0
      window-size:
        specifier: ^1.1.1
        version: 1.1.1
      zod:
        specifier: ^3.23.8
        version: 3.23.8
      zx:
        specifier: ^8.1.4
        version: 8.1.5
    devDependencies:
      '@types/fs-extra':
        specifier: ^11.0.4
        version: 11.0.4
      '@types/inquirer':
        specifier: ^9.0.7
        version: 9.0.7
      '@types/window-size':
        specifier: ^1.1.4
        version: 1.1.4
      chokidar-cli:
        specifier: ^3.0.0
        version: 3.0.0
      esbuild:
        specifier: ^0.23.1
        version: 0.23.1
      typescript:
        specifier: ^5.5.4
        version: 5.5.4

packages:

  '@commander-js/extra-typings@12.1.0':
    resolution: {integrity: sha512-wf/lwQvWAA0goIghcb91dQYpkLBcyhOhQNqG/VgWhnKzgt+UOMvra7EX/2fv70arm5RW+PUHoQHHDa6/p77Eqg==}
    peerDependencies:
      commander: ~12.1.0

  '@esbuild/aix-ppc64@0.23.1':
    resolution: {integrity: sha512-6VhYk1diRqrhBAqpJEdjASR/+WVRtfjpqKuNw11cLiaWpAT/Uu+nokB+UJnevzy/P9C/ty6AOe0dwueMrGh/iQ==}
    engines: {node: '>=18'}
    cpu: [ppc64]
    os: [aix]

  '@esbuild/android-arm64@0.23.1':
    resolution: {integrity: sha512-xw50ipykXcLstLeWH7WRdQuysJqejuAGPd30vd1i5zSyKK3WE+ijzHmLKxdiCMtH1pHz78rOg0BKSYOSB/2Khw==}
    engines: {node: '>=18'}
    cpu: [arm64]
    os: [android]

  '@esbuild/android-arm@0.23.1':
    resolution: {integrity: sha512-uz6/tEy2IFm9RYOyvKl88zdzZfwEfKZmnX9Cj1BHjeSGNuGLuMD1kR8y5bteYmwqKm1tj8m4cb/aKEorr6fHWQ==}
    engines: {node: '>=18'}
    cpu: [arm]
    os: [android]

  '@esbuild/android-x64@0.23.1':
    resolution: {integrity: sha512-nlN9B69St9BwUoB+jkyU090bru8L0NA3yFvAd7k8dNsVH8bi9a8cUAUSEcEEgTp2z3dbEDGJGfP6VUnkQnlReg==}
    engines: {node: '>=18'}
    cpu: [x64]
    os: [android]

  '@esbuild/darwin-arm64@0.23.1':
    resolution: {integrity: sha512-YsS2e3Wtgnw7Wq53XXBLcV6JhRsEq8hkfg91ESVadIrzr9wO6jJDMZnCQbHm1Guc5t/CdDiFSSfWP58FNuvT3Q==}
    engines: {node: '>=18'}
    cpu: [arm64]
    os: [darwin]

  '@esbuild/darwin-x64@0.23.1':
    resolution: {integrity: sha512-aClqdgTDVPSEGgoCS8QDG37Gu8yc9lTHNAQlsztQ6ENetKEO//b8y31MMu2ZaPbn4kVsIABzVLXYLhCGekGDqw==}
    engines: {node: '>=18'}
    cpu: [x64]
    os: [darwin]

  '@esbuild/freebsd-arm64@0.23.1':
    resolution: {integrity: sha512-h1k6yS8/pN/NHlMl5+v4XPfikhJulk4G+tKGFIOwURBSFzE8bixw1ebjluLOjfwtLqY0kewfjLSrO6tN2MgIhA==}
    engines: {node: '>=18'}
    cpu: [arm64]
    os: [freebsd]

  '@esbuild/freebsd-x64@0.23.1':
    resolution: {integrity: sha512-lK1eJeyk1ZX8UklqFd/3A60UuZ/6UVfGT2LuGo3Wp4/z7eRTRYY+0xOu2kpClP+vMTi9wKOfXi2vjUpO1Ro76g==}
    engines: {node: '>=18'}
    cpu: [x64]
    os: [freebsd]

  '@esbuild/linux-arm64@0.23.1':
    resolution: {integrity: sha512-/93bf2yxencYDnItMYV/v116zff6UyTjo4EtEQjUBeGiVpMmffDNUyD9UN2zV+V3LRV3/on4xdZ26NKzn6754g==}
    engines: {node: '>=18'}
    cpu: [arm64]
    os: [linux]

  '@esbuild/linux-arm@0.23.1':
    resolution: {integrity: sha512-CXXkzgn+dXAPs3WBwE+Kvnrf4WECwBdfjfeYHpMeVxWE0EceB6vhWGShs6wi0IYEqMSIzdOF1XjQ/Mkm5d7ZdQ==}
    engines: {node: '>=18'}
    cpu: [arm]
    os: [linux]

  '@esbuild/linux-ia32@0.23.1':
    resolution: {integrity: sha512-VTN4EuOHwXEkXzX5nTvVY4s7E/Krz7COC8xkftbbKRYAl96vPiUssGkeMELQMOnLOJ8k3BY1+ZY52tttZnHcXQ==}
    engines: {node: '>=18'}
    cpu: [ia32]
    os: [linux]

  '@esbuild/linux-loong64@0.23.1':
    resolution: {integrity: sha512-Vx09LzEoBa5zDnieH8LSMRToj7ir/Jeq0Gu6qJ/1GcBq9GkfoEAoXvLiW1U9J1qE/Y/Oyaq33w5p2ZWrNNHNEw==}
    engines: {node: '>=18'}
    cpu: [loong64]
    os: [linux]

  '@esbuild/linux-mips64el@0.23.1':
    resolution: {integrity: sha512-nrFzzMQ7W4WRLNUOU5dlWAqa6yVeI0P78WKGUo7lg2HShq/yx+UYkeNSE0SSfSure0SqgnsxPvmAUu/vu0E+3Q==}
    engines: {node: '>=18'}
    cpu: [mips64el]
    os: [linux]

  '@esbuild/linux-ppc64@0.23.1':
    resolution: {integrity: sha512-dKN8fgVqd0vUIjxuJI6P/9SSSe/mB9rvA98CSH2sJnlZ/OCZWO1DJvxj8jvKTfYUdGfcq2dDxoKaC6bHuTlgcw==}
    engines: {node: '>=18'}
    cpu: [ppc64]
    os: [linux]

  '@esbuild/linux-riscv64@0.23.1':
    resolution: {integrity: sha512-5AV4Pzp80fhHL83JM6LoA6pTQVWgB1HovMBsLQ9OZWLDqVY8MVobBXNSmAJi//Csh6tcY7e7Lny2Hg1tElMjIA==}
    engines: {node: '>=18'}
    cpu: [riscv64]
    os: [linux]

  '@esbuild/linux-s390x@0.23.1':
    resolution: {integrity: sha512-9ygs73tuFCe6f6m/Tb+9LtYxWR4c9yg7zjt2cYkjDbDpV/xVn+68cQxMXCjUpYwEkze2RcU/rMnfIXNRFmSoDw==}
    engines: {node: '>=18'}
    cpu: [s390x]
    os: [linux]

  '@esbuild/linux-x64@0.23.1':
    resolution: {integrity: sha512-EV6+ovTsEXCPAp58g2dD68LxoP/wK5pRvgy0J/HxPGB009omFPv3Yet0HiaqvrIrgPTBuC6wCH1LTOY91EO5hQ==}
    engines: {node: '>=18'}
    cpu: [x64]
    os: [linux]

  '@esbuild/netbsd-x64@0.23.1':
    resolution: {integrity: sha512-aevEkCNu7KlPRpYLjwmdcuNz6bDFiE7Z8XC4CPqExjTvrHugh28QzUXVOZtiYghciKUacNktqxdpymplil1beA==}
    engines: {node: '>=18'}
    cpu: [x64]
    os: [netbsd]

  '@esbuild/openbsd-arm64@0.23.1':
    resolution: {integrity: sha512-3x37szhLexNA4bXhLrCC/LImN/YtWis6WXr1VESlfVtVeoFJBRINPJ3f0a/6LV8zpikqoUg4hyXw0sFBt5Cr+Q==}
    engines: {node: '>=18'}
    cpu: [arm64]
    os: [openbsd]

  '@esbuild/openbsd-x64@0.23.1':
    resolution: {integrity: sha512-aY2gMmKmPhxfU+0EdnN+XNtGbjfQgwZj43k8G3fyrDM/UdZww6xrWxmDkuz2eCZchqVeABjV5BpildOrUbBTqA==}
    engines: {node: '>=18'}
    cpu: [x64]
    os: [openbsd]

  '@esbuild/sunos-x64@0.23.1':
    resolution: {integrity: sha512-RBRT2gqEl0IKQABT4XTj78tpk9v7ehp+mazn2HbUeZl1YMdaGAQqhapjGTCe7uw7y0frDi4gS0uHzhvpFuI1sA==}
    engines: {node: '>=18'}
    cpu: [x64]
    os: [sunos]

  '@esbuild/win32-arm64@0.23.1':
    resolution: {integrity: sha512-4O+gPR5rEBe2FpKOVyiJ7wNDPA8nGzDuJ6gN4okSA1gEOYZ67N8JPk58tkWtdtPeLz7lBnY6I5L3jdsr3S+A6A==}
    engines: {node: '>=18'}
    cpu: [arm64]
    os: [win32]

  '@esbuild/win32-ia32@0.23.1':
    resolution: {integrity: sha512-BcaL0Vn6QwCwre3Y717nVHZbAa4UBEigzFm6VdsVdT/MbZ38xoj1X9HPkZhbmaBGUD1W8vxAfffbDe8bA6AKnQ==}
    engines: {node: '>=18'}
    cpu: [ia32]
    os: [win32]

  '@esbuild/win32-x64@0.23.1':
    resolution: {integrity: sha512-BHpFFeslkWrXWyUPnbKm+xYYVYruCinGcftSBaa8zoF9hZO4BcSCFUvHVTtzpIY6YzUnYtuEhZ+C9iEXjxnasg==}
    engines: {node: '>=18'}
    cpu: [x64]
    os: [win32]

  '@inquirer/checkbox@2.4.7':
    resolution: {integrity: sha512-5YwCySyV1UEgqzz34gNsC38eKxRBtlRDpJLlKcRtTjlYA/yDKuc1rfw+hjw+2WJxbAZtaDPsRl5Zk7J14SBoBw==}
    engines: {node: '>=18'}

  '@inquirer/confirm@3.1.22':
    resolution: {integrity: sha512-gsAKIOWBm2Q87CDfs9fEo7wJT3fwWIJfnDGMn9Qy74gBnNFOACDNfhUzovubbJjWnKLGBln7/NcSmZwj5DuEXg==}
    engines: {node: '>=18'}

  '@inquirer/core@9.0.10':
    resolution: {integrity: sha512-TdESOKSVwf6+YWDz8GhS6nKscwzkIyakEzCLJ5Vh6O3Co2ClhCJ0A4MG909MUWfaWdpJm7DE45ii51/2Kat9tA==}
    engines: {node: '>=18'}

  '@inquirer/editor@2.1.22':
    resolution: {integrity: sha512-K1QwTu7GCK+nKOVRBp5HY9jt3DXOfPGPr6WRDrPImkcJRelG9UTx2cAtK1liXmibRrzJlTWOwqgWT3k2XnS62w==}
    engines: {node: '>=18'}

  '@inquirer/expand@2.1.22':
    resolution: {integrity: sha512-wTZOBkzH+ItPuZ3ZPa9lynBsdMp6kQ9zbjVPYEtSBG7UulGjg2kQiAnUjgyG4SlntpTce5bOmXAPvE4sguXjpA==}
    engines: {node: '>=18'}

  '@inquirer/figures@1.0.5':
    resolution: {integrity: sha512-79hP/VWdZ2UVc9bFGJnoQ/lQMpL74mGgzSYX1xUqCVk7/v73vJCMw1VuyWN1jGkZ9B3z7THAbySqGbCNefcjfA==}
    engines: {node: '>=18'}

  '@inquirer/input@2.2.9':
    resolution: {integrity: sha512-7Z6N+uzkWM7+xsE+3rJdhdG/+mQgejOVqspoW+w0AbSZnL6nq5tGMEVASaYVWbkoSzecABWwmludO2evU3d31g==}
    engines: {node: '>=18'}

  '@inquirer/number@1.0.10':
    resolution: {integrity: sha512-kWTxRF8zHjQOn2TJs+XttLioBih6bdc5CcosXIzZsrTY383PXI35DuhIllZKu7CdXFi2rz2BWPN9l0dPsvrQOA==}
    engines: {node: '>=18'}

  '@inquirer/password@2.1.22':
    resolution: {integrity: sha512-5Fxt1L9vh3rAKqjYwqsjU4DZsEvY/2Gll+QkqR4yEpy6wvzLxdSgFhUcxfDAOtO4BEoTreWoznC0phagwLU5Kw==}
    engines: {node: '>=18'}

  '@inquirer/prompts@5.3.8':
    resolution: {integrity: sha512-b2BudQY/Si4Y2a0PdZZL6BeJtl8llgeZa7U2j47aaJSCeAl1e4UI7y8a9bSkO3o/ZbZrgT5muy/34JbsjfIWxA==}
    engines: {node: '>=18'}

  '@inquirer/rawlist@2.2.4':
    resolution: {integrity: sha512-pb6w9pWrm7EfnYDgQObOurh2d2YH07+eDo3xQBsNAM2GRhliz6wFXGi1thKQ4bN6B0xDd6C3tBsjdr3obsCl3Q==}
    engines: {node: '>=18'}

  '@inquirer/search@1.0.7':
    resolution: {integrity: sha512-p1wpV+3gd1eST/o5N3yQpYEdFNCzSP0Klrl+5bfD3cTTz8BGG6nf4Z07aBW0xjlKIj1Rp0y3x/X4cZYi6TfcLw==}
    engines: {node: '>=18'}

  '@inquirer/select@2.4.7':
    resolution: {integrity: sha512-JH7XqPEkBpNWp3gPCqWqY8ECbyMoFcCZANlL6pV9hf59qK6dGmkOlx1ydyhY+KZ0c5X74+W6Mtp+nm2QX0/MAQ==}
    engines: {node: '>=18'}

  '@inquirer/type@1.5.2':
    resolution: {integrity: sha512-w9qFkumYDCNyDZmNQjf/n6qQuvQ4dMC3BJesY4oF+yr0CxR5vxujflAVeIcS6U336uzi9GM0kAfZlLrZ9UTkpA==}
    engines: {node: '>=18'}

  '@types/fs-extra@11.0.4':
    resolution: {integrity: sha512-yTbItCNreRooED33qjunPthRcSjERP1r4MqCZc7wv0u2sUkzTFp45tgUfS5+r7FrZPdmCCNflLhVSP/o+SemsQ==}

  '@types/inquirer@9.0.7':
    resolution: {integrity: sha512-Q0zyBupO6NxGRZut/JdmqYKOnN95Eg5V8Csg3PGKkP+FnvsUZx1jAyK7fztIszxxMuoBA6E3KXWvdZVXIpx60g==}

  '@types/jsonfile@6.1.4':
    resolution: {integrity: sha512-D5qGUYwjvnNNextdU59/+fI+spnwtTFmyQP0h+PfIOSkNfpU6AOICUOkm4i0OnSk+NyjdPJrxCDro0sJsWlRpQ==}

  '@types/mute-stream@0.0.4':
    resolution: {integrity: sha512-CPM9nzrCPPJHQNA9keH9CVkVI+WR5kMa+7XEs5jcGQ0VoAGnLv242w8lIVgwAEfmE4oufJRaTc9PNLQl0ioAow==}

  '@types/node@22.5.1':
    resolution: {integrity: sha512-KkHsxej0j9IW1KKOOAA/XBA0z08UFSrRQHErzEfA3Vgq57eXIMYboIlHJuYIfd+lwCQjtKqUu3UnmKbtUc9yRw==}

  '@types/through@0.0.33':
    resolution: {integrity: sha512-HsJ+z3QuETzP3cswwtzt2vEIiHBk/dCcHGhbmG5X3ecnwFD/lPrMpliGXxSCg03L9AhrdwA4Oz/qfspkDW+xGQ==}

  '@types/window-size@1.1.4':
    resolution: {integrity: sha512-OYF0UCBTSbWniXRJPgk/SzCd1jkalEPP4qrqicnrts6hij/Zi+rxWqtS9jpuCpaW7/ZkJsJgyt8OTTEUqU1rhQ==}

  '@types/wrap-ansi@3.0.0':
    resolution: {integrity: sha512-ltIpx+kM7g/MLRZfkbL7EsCEjfzCcScLpkg37eXEtx5kmrAKBkTJwd1GIAjDSL8wTpM6Hzn5YO4pSb91BEwu1g==, tarball: https://r2.cnpmjs.org/@types/wrap-ansi/-/wrap-ansi-3.0.0.tgz}

  ansi-align@3.0.1:
    resolution: {integrity: sha512-IOfwwBF5iczOjp/WeY4YxyjqAFMQoZufdQWDd19SEExbVLNXqvpzSJ/M7Za4/sCPmQ0+GRquoA7bGcINcxew6w==, tarball: https://r2.cnpmjs.org/ansi-align/-/ansi-align-3.0.1.tgz}

  ansi-escapes@4.3.2:
    resolution: {integrity: sha512-gKXj5ALrKWQLsYG9jlTRmR/xKluxHV+Z9QEwNIgCfM1/uwPMCuzVVnh5mwTd+OuBZcwSIMbqssNWRm1lE51QaQ==, tarball: https://r2.cnpmjs.org/ansi-escapes/-/ansi-escapes-4.3.2.tgz}
    engines: {node: '>=8'}

  ansi-escapes@7.0.0:
    resolution: {integrity: sha512-GdYO7a61mR0fOlAsvC9/rIHf7L96sBc6dEWzeOu+KAea5bZyQRPIpojrVoI4AXGJS/ycu/fBTdLrUkA4ODrvjw==}
    engines: {node: '>=18'}

  ansi-regex@4.1.1:
    resolution: {integrity: sha512-ILlv4k/3f6vfQ4OoP2AGvirOktlQ98ZEL1k9FaQjxa3L1abBgbuTDAdPOpvbGncC0BTVQrl+OM8xZGK6tWXt7g==}
    engines: {node: '>=6'}

  ansi-regex@5.0.1:
    resolution: {integrity: sha512-quJQXlTSUGL2LH9SUXo8VwsY4soanhgo6LNSm84E1LBcE8s3O0wpdiRzyR9z/ZZJMlMWv37qOOb9pdJlMUEKFQ==, tarball: https://r2.cnpmjs.org/ansi-regex/-/ansi-regex-5.0.1.tgz}
    engines: {node: '>=8'}

  ansi-regex@6.0.1:
    resolution: {integrity: sha512-n5M855fKb2SsfMIiFFoVrABHJC8QtHwVx+mHWP3QcEqBHYienj5dHSgjbxtC0WEZXYt4wcD6zrQElDPhFuZgfA==, tarball: https://r2.cnpmjs.org/ansi-regex/-/ansi-regex-6.0.1.tgz}
    engines: {node: '>=12'}

  ansi-styles@3.2.1:
    resolution: {integrity: sha512-VT0ZI6kZRdTh8YyJw3SMbYm/u+NqfsAxEpWO0Pf9sq8/e94WxxOpPKx9FR1FlyCtOVDNOQ+8ntlqFxiRc+r5qA==, tarball: https://r2.cnpmjs.org/ansi-styles/-/ansi-styles-3.2.1.tgz}
    engines: {node: '>=4'}

  ansi-styles@4.3.0:
    resolution: {integrity: sha512-zbB9rCJAT1rbjiVDb2hqKFHNYLxgtk8NURxZ3IZwD3F6NtxbXZQCnnSi1Lkx+IDohdPlFp222wVALIheZJQSEg==, tarball: https://r2.cnpmjs.org/ansi-styles/-/ansi-styles-4.3.0.tgz}
    engines: {node: '>=8'}

  ansi-styles@6.2.1:
    resolution: {integrity: sha512-bN798gFfQX+viw3R7yrGWRqnrN2oRkEkUjjl4JNn4E8GxxbjtG3FbrEIIY3l8/hrwUwIeCZvi4QuOTP4MErVug==}
    engines: {node: '>=12'}

  anymatch@3.1.3:
    resolution: {integrity: sha512-KMReFUr0B4t+D+OBkjR3KYqvocp2XaSzO55UcB6mgQMd3KbcE+mWTyvVV7D/zsdEbNnV6acZUutkiHQXvTr1Rw==}
    engines: {node: '>= 8'}

  asynckit@0.4.0:
    resolution: {integrity: sha512-Oei9OH4tRh0YqU3GxhX79dM/mwVgvbZJaSNaRk+bshkj0S5cfHcgYakreBjrHwatXKbz+IoIdYLxrKim2MjW0Q==, tarball: https://r2.cnpmjs.org/asynckit/-/asynckit-0.4.0.tgz}

  axios@1.7.7:
    resolution: {integrity: sha512-S4kL7XrjgBmvdGut0sN3yJxqYzrDOnivkBiN0OFs6hLiUam3UPvswUo0kqGyhqUZGEOytHyumEdXsAkgCOUf3Q==}

  binary-extensions@2.3.0:
    resolution: {integrity: sha512-Ceh+7ox5qe7LJuLHoY0feh3pHuUDHAcRUeyL2VYghZwfpkNIy/+8Ocg0a3UuSoYzavmylwuLWQOf3hl0jjMMIw==}
    engines: {node: '>=8'}

  boxen@8.0.1:
    resolution: {integrity: sha512-F3PH5k5juxom4xktynS7MoFY+NUWH5LC4CnH11YB8NPew+HLpmBLCybSAEyb2F+4pRXhuhWqFesoQd6DAyc2hw==}
    engines: {node: '>=18'}

  braces@3.0.3:
    resolution: {integrity: sha512-yQbXgO/OSZVD2IsiLlro+7Hf6Q18EJrKSEsdoMzKePKXct3gvD8oLcOQdIzGupr5Fj+EDe8gO/lxc1BzfMpxvA==}
    engines: {node: '>=8'}

  camelcase@5.3.1:
    resolution: {integrity: sha512-L28STB170nwWS63UjtlEOE3dldQApaJXZkOI1uMFfzf3rRuPegHaHesyee+YxQ+W6SvRDQV6UrdOdRiR153wJg==, tarball: https://r2.cnpmjs.org/camelcase/-/camelcase-5.3.1.tgz}
    engines: {node: '>=6'}

  camelcase@8.0.0:
    resolution: {integrity: sha512-8WB3Jcas3swSvjIeA2yvCJ+Miyz5l1ZmB6HFb9R1317dt9LCQoswg/BGrmAmkWVEszSrrg4RwmO46qIm2OEnSA==}
    engines: {node: '>=16'}

  chalk@5.3.0:
    resolution: {integrity: sha512-dLitG79d+GV1Nb/VYcCDFivJeK1hiukt9QjRNVOsUtTy1rR1YJsmpGGTZ3qJos+uw7WmWF4wUwBd9jxjocFC2w==}
    engines: {node: ^12.17.0 || ^14.13 || >=16.0.0}

  chardet@0.7.0:
    resolution: {integrity: sha512-mT8iDcrh03qDGRRmoA2hmBJnxpllMR+0/0qlzjqZES6NdiWDcZkCNAk4rPFZ9Q85r27unkiNNg8ZOiwZXBHwcA==, tarball: https://r2.cnpmjs.org/chardet/-/chardet-0.7.0.tgz}

  chokidar-cli@3.0.0:
    resolution: {integrity: sha512-xVW+Qeh7z15uZRxHOkP93Ux8A0xbPzwK4GaqD8dQOYc34TlkqUhVSS59fK36DOp5WdJlrRzlYSy02Ht99FjZqQ==, tarball: https://r2.cnpmjs.org/chokidar-cli/-/chokidar-cli-3.0.0.tgz}
    engines: {node: '>= 8.10.0'}
    hasBin: true

  chokidar@3.6.0:
    resolution: {integrity: sha512-7VT13fmjotKpGipCW9JEQAusEPE+Ei8nl6/g4FBAmIm0GOOLMua9NDDo/DWp0ZAxCr3cPq5ZpBqmPAQgDda2Pw==}
    engines: {node: '>= 8.10.0'}

  cli-boxes@3.0.0:
    resolution: {integrity: sha512-/lzGpEWL/8PfI0BmBOPRwp0c/wFNX1RdUML3jK/RcSBA9T8mZDdQpqYBKtCFTOfQbwPqWEOpjqW+Fnayc0969g==, tarball: https://r2.cnpmjs.org/cli-boxes/-/cli-boxes-3.0.0.tgz}
    engines: {node: '>=10'}

  cli-cursor@5.0.0:
    resolution: {integrity: sha512-aCj4O5wKyszjMmDT4tZj93kxyydN/K5zPWSCe6/0AV/AA1pqe5ZBIw0a2ZfPQV7lL5/yb5HsUreJ6UFAF1tEQw==}
    engines: {node: '>=18'}

  cli-spinners@2.9.2:
    resolution: {integrity: sha512-ywqV+5MmyL4E7ybXgKys4DugZbX0FC6LnwrhjuykIjnK9k8OQacQ7axGKnjDXWNhns0xot3bZI5h55H8yo9cJg==}
    engines: {node: '>=6'}

  cli-width@4.1.0:
    resolution: {integrity: sha512-ouuZd4/dm2Sw5Gmqy6bGyNNNe1qt9RpmxveLSO7KcgsTnU7RXfsw+/bukWGo1abgBiMAic068rclZsO4IWmmxQ==}
    engines: {node: '>= 12'}

  cliui@5.0.0:
    resolution: {integrity: sha512-PYeGSEmmHM6zvoef2w8TPzlrnNpXIjTipYK780YswmIP9vjxmd6Y2a3CB2Ks6/AU8NHjZugXvo8w3oWM2qnwXA==, tarball: https://r2.cnpmjs.org/cliui/-/cliui-5.0.0.tgz}

  color-convert@1.9.3:
    resolution: {integrity: sha512-QfAUtd+vFdAtFQcC8CCyYt1fYWxSqAiK2cSD6zDB8N3cpsEBAvRxp9zOGg6G/SHHJYAT88/az/IuDGALsNVbGg==, tarball: https://r2.cnpmjs.org/color-convert/-/color-convert-1.9.3.tgz}

  color-convert@2.0.1:
    resolution: {integrity: sha512-RRECPsj7iu/xb5oKYcsFHSppFNnsj/52OVTRKb4zP5onXwVF3zVmmToNcOfGC+CRDpfK/U584fMg38ZHCaElKQ==, tarball: https://r2.cnpmjs.org/color-convert/-/color-convert-2.0.1.tgz}
    engines: {node: '>=7.0.0'}

  color-name@1.1.3:
    resolution: {integrity: sha512-72fSenhMw2HZMTVHeCA9KCmpEIbzWiQsjN+BHcBbS9vr1mtt+vJjPdksIBNUmKAW8TFUDPJK5SUU3QhE9NEXDw==, tarball: https://r2.cnpmjs.org/color-name/-/color-name-1.1.3.tgz}

  color-name@1.1.4:
    resolution: {integrity: sha512-dOy+3AuW3a2wNbZHIuMZpTcgjGuLU/uBL/ubcZF9OXbDo8ff4O8yVp5Bf0efS8uEoYo5q4Fx7dY9OgQGXgAsQA==, tarball: https://r2.cnpmjs.org/color-name/-/color-name-1.1.4.tgz}

  combined-stream@1.0.8:
    resolution: {integrity: sha512-FQN4MRfuJeHf7cBbBMJFXhKSDq+2kAArBlmRBvcvFE5BB1HZKXtSFASDhdlz9zOYwxh8lDdnvmMOe/+5cdoEdg==, tarball: https://r2.cnpmjs.org/combined-stream/-/combined-stream-1.0.8.tgz}
    engines: {node: '>= 0.8'}

  commander@12.1.0:
    resolution: {integrity: sha512-Vw8qHK3bZM9y/P10u3Vib8o/DdkvA2OtPtZvD871QKjy74Wj1WSKFILMPRPSdUSx5RFK1arlJzEtA4PkFgnbuA==}
    engines: {node: '>=18'}

  decamelize@1.2.0:
    resolution: {integrity: sha512-z2S+W9X73hAUUki+N+9Za2lBlun89zigOyGrsax+KUQ6wKW4ZoWpEYBkGhQjwAjjDCkWxhY0VKEhk8wzY7F5cA==, tarball: https://r2.cnpmjs.org/decamelize/-/decamelize-1.2.0.tgz}
    engines: {node: '>=0.10.0'}

  define-property@1.0.0:
    resolution: {integrity: sha512-cZTYKFWspt9jZsMscWo8sc/5lbPC9Q0N5nBLgb+Yd915iL3udB1uFgS3B8YCx66UVHq018DAVFoee7x+gxggeA==, tarball: https://r2.cnpmjs.org/define-property/-/define-property-1.0.0.tgz}
    engines: {node: '>=0.10.0'}

  delayed-stream@1.0.0:
    resolution: {integrity: sha512-ZySD7Nf91aLB0RxL4KGrKHBXl7Eds1DAmEdcoVawXnLD7SDhpNgtuII2aAkg7a7QS41jxPSZ17p4VdGnMHk3MQ==, tarball: https://r2.cnpmjs.org/delayed-stream/-/delayed-stream-1.0.0.tgz}
    engines: {node: '>=0.4.0'}

  emoji-regex@10.4.0:
    resolution: {integrity: sha512-EC+0oUMY1Rqm4O6LLrgjtYDvcVYTy7chDnM4Q7030tP4Kwj3u/pR6gP9ygnp2CJMK5Gq+9Q2oqmrFJAz01DXjw==}

  emoji-regex@7.0.3:
    resolution: {integrity: sha512-CwBLREIQ7LvYFB0WyRvwhq5N5qPhc6PMjD6bYggFlI5YyDgl+0vxq5VHbMOFqLg7hfWzmu8T5Z1QofhmTIhItA==, tarball: https://r2.cnpmjs.org/emoji-regex/-/emoji-regex-7.0.3.tgz}

  emoji-regex@8.0.0:
    resolution: {integrity: sha512-MSjYzcWNOA0ewAHpz0MxpYFvwg6yjy1NG3xteoqz644VCo/RPgnr1/GGt+ic3iJTzQ8Eu3TdM14SawnVUmGE6A==, tarball: https://r2.cnpmjs.org/emoji-regex/-/emoji-regex-8.0.0.tgz}

  environment@1.1.0:
    resolution: {integrity: sha512-xUtoPkMggbz0MPyPiIWr1Kp4aeWJjDZ6SMvURhimjdZgsRuDplF5/s9hcgGhyXMhs+6vpnuoiZ2kFiu3FMnS8Q==}
    engines: {node: '>=18'}

  esbuild@0.23.1:
    resolution: {integrity: sha512-VVNz/9Sa0bs5SELtn3f7qhJCDPCF5oMEl5cO9/SSinpE9hbPVvxbd572HH5AKiP7WD8INO53GgfDDhRjkylHEg==}
    engines: {node: '>=18'}
    hasBin: true

  external-editor@3.1.0:
    resolution: {integrity: sha512-hMQ4CX1p1izmuLYyZqLMO/qGNw10wSv9QDCPfzXfyFrOaCSSoRfqE1Kf1s5an66J5JZC62NewG+mK49jOCtQew==, tarball: https://r2.cnpmjs.org/external-editor/-/external-editor-3.1.0.tgz}
    engines: {node: '>=4'}

  fill-range@7.1.1:
    resolution: {integrity: sha512-YsGpe3WHLK8ZYi4tWDg2Jy3ebRz2rXowDxnld4bkQB00cc/1Zw9AWnC0i9ztDJitivtQvaI9KaLyKrc+hBW0yg==}
    engines: {node: '>=8'}

  find-up@3.0.0:
    resolution: {integrity: sha512-1yD6RmLI1XBfxugvORwlck6f75tYL+iR0jqwsOrOxMZyGYqUuDhJ0l4AXdO1iX/FTs9cBAMEk1gWSEx1kSbylg==, tarball: https://r2.cnpmjs.org/find-up/-/find-up-3.0.0.tgz}
    engines: {node: '>=6'}

  follow-redirects@1.15.6:
    resolution: {integrity: sha512-wWN62YITEaOpSK584EZXJafH1AGpO8RVgElfkuXbTOrPX4fIfOyEpW/CsiNd8JdYrAoOvafRTOEnvsO++qCqFA==}
    engines: {node: '>=4.0'}
    peerDependencies:
      debug: '*'
    peerDependenciesMeta:
      debug:
        optional: true

  form-data@4.0.0:
    resolution: {integrity: sha512-ETEklSGi5t0QMZuiXoA/Q6vcnxcLQP5vdugSpuAyi6SVGi2clPPp+xgEhuMaHC+zGgn31Kd235W35f7Hykkaww==, tarball: https://r2.cnpmjs.org/form-data/-/form-data-4.0.0.tgz}
    engines: {node: '>= 6'}

  fs-extra@11.2.0:
    resolution: {integrity: sha512-PmDi3uwK5nFuXh7XDTlVnS17xJS7vW36is2+w3xcv8SVxiB4NyATf4ctkVY5bkSjX0Y4nbvZCq1/EjtEyr9ktw==}
    engines: {node: '>=14.14'}

  fsevents@2.3.3:
    resolution: {integrity: sha512-5xoDfX+fL7faATnagmWPpbFtwh/R77WmMMqqHGS65C3vvB0YHrgF+B1YmZ3441tMj5n63k0212XNoJwzlhffQw==}
    engines: {node: ^8.16.0 || ^10.6.0 || >=11.0.0}
    os: [darwin]

  function-bind@1.1.2:
    resolution: {integrity: sha512-7XHNxH7qX9xG5mIwxkhumTox/MIRNcOgDrxWsMt2pAr23WHp6MrRlN7FBSFpCpr+oVO0F744iUgR82nJMfG2SA==}

  get-caller-file@2.0.5:
    resolution: {integrity: sha512-DyFP3BM/3YHTQOCUL/w0OZHR0lpKeGrxotcHWcqNEdnltqFwXVfhEBQ94eIo34AfQpo0rGki4cyIiftY06h2Fg==, tarball: https://r2.cnpmjs.org/get-caller-file/-/get-caller-file-2.0.5.tgz}
    engines: {node: 6.* || 8.* || >= 10.*}

  get-east-asian-width@1.2.0:
    resolution: {integrity: sha512-2nk+7SIVb14QrgXFHcm84tD4bKQz0RxPuMT8Ag5KPOq7J5fEmAg0UbXdTOSHqNuHSU28k55qnceesxXRZGzKWA==}
    engines: {node: '>=18'}

  glob-parent@5.1.2:
    resolution: {integrity: sha512-AOIgSQCepiJYwP3ARnGx+5VnTu2HBYdzbGP45eLw1vr3zB3vZLeyed1sC9hnbcOc9/SrMyM5RPQrkGz4aS9Zow==, tarball: https://r2.cnpmjs.org/glob-parent/-/glob-parent-5.1.2.tgz}
    engines: {node: '>= 6'}

  graceful-fs@4.2.11:
    resolution: {integrity: sha512-RbJ5/jmFcNNCcDV5o9eTnBLJ/HszWV0P73bc+Ff4nS/rJj+YaS6IGyiOL0VoBYX+l1Wrl3k63h/KrH+nhJ0XvQ==}

  hasown@2.0.2:
    resolution: {integrity: sha512-0hJU9SCPvmMzIBdZFqNPXWa6dqh7WdH0cII9y+CyS8rG3nL48Bclra9HmKhVVUHyPWNH5Y7xDwAB7bfgSjkUMQ==}
    engines: {node: '>= 0.4'}

  iconv-lite@0.4.24:
    resolution: {integrity: sha512-v3MXnZAcvnywkTUEZomIActle7RXXeedOR31wwl7VlyoXO4Qi9arvSenNQWne1TcRwhCL1HwLI21bEqdpj8/rA==, tarball: https://r2.cnpmjs.org/iconv-lite/-/iconv-lite-0.4.24.tgz}
    engines: {node: '>=0.10.0'}

  inquirer@10.1.8:
    resolution: {integrity: sha512-syxGpOzLyqVeZi1KDBjRTnCn5PiGWySGHP0BbqXbqsEK0ckkZk3egAepEWslUjZXj0rhkUapVXM/IpADWe4D6w==}
    engines: {node: '>=18'}

  is-accessor-descriptor@1.0.1:
    resolution: {integrity: sha512-YBUanLI8Yoihw923YeFUS5fs0fF2f5TSFTNiYAAzhhDscDa3lEqYuz1pDOEP5KvX94I9ey3vsqjJcLVFVU+3QA==}
    engines: {node: '>= 0.10'}

  is-binary-path@2.1.0:
    resolution: {integrity: sha512-ZMERYes6pDydyuGidse7OsHxtbI7WVeUEozgR/g7rd0xUimYNlvZRE/K2MgZTjWy725IfelLeVcEM97mmtRGXw==, tarball: https://r2.cnpmjs.org/is-binary-path/-/is-binary-path-2.1.0.tgz}
    engines: {node: '>=8'}

  is-buffer@1.1.6:
    resolution: {integrity: sha512-NcdALwpXkTm5Zvvbk7owOUSvVvBKDgKP5/ewfXEznmQFfs4ZRmanOeKBTjRVjka3QFoN6XJ+9F3USqfHqTaU5w==, tarball: https://r2.cnpmjs.org/is-buffer/-/is-buffer-1.1.6.tgz}

  is-data-descriptor@1.0.1:
    resolution: {integrity: sha512-bc4NlCDiCr28U4aEsQ3Qs2491gVq4V8G7MQyws968ImqjKuYtTJXrl7Vq7jsN7Ly/C3xj5KWFrY7sHNeDkAzXw==}
    engines: {node: '>= 0.4'}

  is-descriptor@1.0.3:
    resolution: {integrity: sha512-JCNNGbwWZEVaSPtS45mdtrneRWJFp07LLmykxeFV5F6oBvNF8vHSfJuJgoT472pSfk+Mf8VnlrspaFBHWM8JAw==}
    engines: {node: '>= 0.4'}

  is-extglob@2.1.1:
    resolution: {integrity: sha512-SbKbANkN603Vi4jEZv49LeVJMn4yGwsbzZworEoyEiutsN3nJYdbO36zfhGJ6QEDpOZIFkDtnq5JRxmvl3jsoQ==, tarball: https://r2.cnpmjs.org/is-extglob/-/is-extglob-2.1.1.tgz}
    engines: {node: '>=0.10.0'}

  is-fullwidth-code-point@2.0.0:
    resolution: {integrity: sha512-VHskAKYM8RfSFXwee5t5cbN5PZeq1Wrh6qd5bkyiXIf6UQcN6w/A0eXM9r6t8d+GYOh+o6ZhiEnb88LN/Y8m2w==, tarball: https://r2.cnpmjs.org/is-fullwidth-code-point/-/is-fullwidth-code-point-2.0.0.tgz}
    engines: {node: '>=4'}

  is-fullwidth-code-point@3.0.0:
    resolution: {integrity: sha512-zymm5+u+sCsSWyD9qNaejV3DFvhCKclKdizYaJUuHA83RLjb7nSuGnddCHGv0hk+KY7BMAlsWeK4Ueg6EV6XQg==, tarball: https://r2.cnpmjs.org/is-fullwidth-code-point/-/is-fullwidth-code-point-3.0.0.tgz}
    engines: {node: '>=8'}

  is-fullwidth-code-point@5.0.0:
    resolution: {integrity: sha512-OVa3u9kkBbw7b8Xw5F9P+D/T9X+Z4+JruYVNapTjPYZYUznQ5YfWeFkOj606XYYW8yugTfC8Pj0hYqvi4ryAhA==}
    engines: {node: '>=18'}

  is-glob@4.0.3:
    resolution: {integrity: sha512-xelSayHH36ZgE7ZWhli7pW34hNbNl8Ojv5KVmkJD4hBdD3th8Tfk9vYasLM+mXWOZhFkgZfxhLSnrwRr4elSSg==, tarball: https://r2.cnpmjs.org/is-glob/-/is-glob-4.0.3.tgz}
    engines: {node: '>=0.10.0'}

  is-number@3.0.0:
    resolution: {integrity: sha512-4cboCqIpliH+mAvFNegjZQ4kgKc3ZUhQVr3HvWbSh5q3WH2v82ct+T2Y1hdU5Gdtorx/cLifQjqCbL7bpznLTg==, tarball: https://r2.cnpmjs.org/is-number/-/is-number-3.0.0.tgz}
    engines: {node: '>=0.10.0'}

  is-number@7.0.0:
    resolution: {integrity: sha512-41Cifkg6e8TylSpdtTpeLVMqvSBEVzTttHvERD741+pnZ8ANv0004MRL43QKPDlK9cGvNp6NZWZUBlbGXYxxng==, tarball: https://r2.cnpmjs.org/is-number/-/is-number-7.0.0.tgz}
    engines: {node: '>=0.12.0'}

  jsonfile@6.1.0:
    resolution: {integrity: sha512-5dgndWOriYSm5cnYaJNhalLNDKOqFwyDB/rr1E9ZsGciGvKPs8R2xYGCacuf3z6K1YKDz182fd+fY3cn3pMqXQ==, tarball: https://r2.cnpmjs.org/jsonfile/-/jsonfile-6.1.0.tgz}

  kind-of@3.2.2:
    resolution: {integrity: sha512-NOW9QQXMoZGg/oqnVNoNTTIFEIid1627WCffUBJEdMxYApq7mNE7CpzucIPc+ZQg25Phej7IJSmX3hO+oblOtQ==, tarball: https://r2.cnpmjs.org/kind-of/-/kind-of-3.2.2.tgz}
    engines: {node: '>=0.10.0'}

  locate-path@3.0.0:
    resolution: {integrity: sha512-7AO748wWnIhNqAuaty2ZWHkQHRSNfPVIsPIfwEOWO22AmaoVrWavlOcMR5nzTLNYvp36X220/maaRsrec1G65A==, tarball: https://r2.cnpmjs.org/locate-path/-/locate-path-3.0.0.tgz}
    engines: {node: '>=6'}

  lodash.debounce@4.0.8:
    resolution: {integrity: sha512-FT1yDzDYEoYWhnSGnpE/4Kj1fLZkDFyqRb7fNt6FdYOSxlUWAtp42Eh6Wb0rGIv/m9Bgo7x4GhQbm5Ys4SG5ow==, tarball: https://r2.cnpmjs.org/lodash.debounce/-/lodash.debounce-4.0.8.tgz}

  lodash.throttle@4.1.1:
    resolution: {integrity: sha512-wIkUCfVKpVsWo3JSZlc+8MB5it+2AN5W8J7YVMST30UrvcQNZ1Okbj+rbVniijTWE6FGYy4XJq/rHkas8qJMLQ==, tarball: https://r2.cnpmjs.org/lodash.throttle/-/lodash.throttle-4.1.1.tgz}

  log-update@6.1.0:
    resolution: {integrity: sha512-9ie8ItPR6tjY5uYJh8K/Zrv/RMZ5VOlOWvtZdEHYSTFKZfIBPQa9tOAEeAWhd+AnIneLJ22w5fjOYtoutpWq5w==}
    engines: {node: '>=18'}

  mime-db@1.52.0:
    resolution: {integrity: sha512-sPU4uV7dYlvtWJxwwxHD0PuihVNiE7TyAbQ5SWxDCB9mUYvOgroQOwYQQOKPJ8CIbE+1ETVlOoK1UC2nU3gYvg==}
    engines: {node: '>= 0.6'}

  mime-types@2.1.35:
    resolution: {integrity: sha512-ZDY+bPm5zTTF+YpCrAU9nK0UgICYPT0QtT1NZWFv4s++TNkcgVaT0g6+4R2uI4MjQjzysHB1zxuWL50hzaeXiw==}
    engines: {node: '>= 0.6'}

  mimic-function@5.0.1:
    resolution: {integrity: sha512-VP79XUPxV2CigYP3jWwAUFSku2aKqBH7uTAapFWCBqutsbmDo96KY5o8uh6U+/YSIn5OxJnXp73beVkpqMIGhA==}
    engines: {node: '>=18'}

  mute-stream@1.0.0:
    resolution: {integrity: sha512-avsJQhyd+680gKXyG/sQc0nXaC6rBkPOfyHYcFb9+hdkqQkR9bdnkJ0AMZhke0oesPqIO+mFFJ+IdBc7mst4IA==}
    engines: {node: ^14.17.0 || ^16.13.0 || >=18.0.0}

  normalize-path@3.0.0:
    resolution: {integrity: sha512-6eZs5Ls3WtCisHWp9S2GUy8dqkpGi4BVSz3GaqiE6ezub0512ESztXUwUB6C6IKbQkY2Pnb/mD4WYojCRwcwLA==, tarball: https://r2.cnpmjs.org/normalize-path/-/normalize-path-3.0.0.tgz}
    engines: {node: '>=0.10.0'}

  onetime@7.0.0:
    resolution: {integrity: sha512-VXJjc87FScF88uafS3JllDgvAm+c/Slfz06lorj2uAY34rlUu0Nt+v8wreiImcrgAjjIHp1rXpTDlLOGw29WwQ==}
    engines: {node: '>=18'}

  os-tmpdir@1.0.2:
    resolution: {integrity: sha512-D2FR03Vir7FIu45XBY20mTb+/ZSWB00sjU9jdQXt83gDrI4Ztz5Fs7/yy74g2N5SVQY4xY1qDr4rNddwYRVX0g==, tarball: https://r2.cnpmjs.org/os-tmpdir/-/os-tmpdir-1.0.2.tgz}
    engines: {node: '>=0.10.0'}

  p-limit@2.3.0:
    resolution: {integrity: sha512-//88mFWSJx8lxCzwdAABTJL2MyWB12+eIY7MDL2SqLmAkeKU9qxRvWuSyTjm3FUmpBEMuFfckAIqEaVGUDxb6w==, tarball: https://r2.cnpmjs.org/p-limit/-/p-limit-2.3.0.tgz}
    engines: {node: '>=6'}

  p-locate@3.0.0:
    resolution: {integrity: sha512-x+12w/To+4GFfgJhBEpiDcLozRJGegY+Ei7/z0tSLkMmxGZNybVMSfWj9aJn8Z5Fc7dBUNJOOVgPv2H7IwulSQ==, tarball: https://r2.cnpmjs.org/p-locate/-/p-locate-3.0.0.tgz}
    engines: {node: '>=6'}

  p-try@2.2.0:
    resolution: {integrity: sha512-R4nPAVTAU0B9D35/Gk3uJf/7XYbQcyohSKdvAxIRSNghFl4e71hVoGnBNQz9cWaXxO2I10KTC+3jMdvvoKw6dQ==, tarball: https://r2.cnpmjs.org/p-try/-/p-try-2.2.0.tgz}
    engines: {node: '>=6'}

  path-exists@3.0.0:
    resolution: {integrity: sha512-bpC7GYwiDYQ4wYLe+FA8lhRjhQCMcQGuSgGGqDkg/QerRWw9CmGRT0iSOVRSZJ29NMLZgIzqaljJ63oaL4NIJQ==, tarball: https://r2.cnpmjs.org/path-exists/-/path-exists-3.0.0.tgz}
    engines: {node: '>=4'}

  picomatch@2.3.1:
    resolution: {integrity: sha512-JU3teHTNjmE2VCGFzuY8EXzCDVwEqB2a8fsIvwaStHhAWJEeVd1o1QD80CU6+ZdEXXSLbSsuLwJjkCBWqRQUVA==}
    engines: {node: '>=8.6'}

  proxy-from-env@1.1.0:
    resolution: {integrity: sha512-D+zkORCbA9f1tdWRK0RaCR3GPv50cMxcrz4X8k5LTSUD1Dkw47mKJEZQNunItRTkWwgtaUSo1RVFRIG9ZXiFYg==, tarball: https://r2.cnpmjs.org/proxy-from-env/-/proxy-from-env-1.1.0.tgz}

  readdirp@3.6.0:
    resolution: {integrity: sha512-hOS089on8RduqdbhvQ5Z37A0ESjsqz6qnRcffsMU3495FuTdqSm+7bhJ29JvIOsBDEEnan5DPu9t3To9VRlMzA==, tarball: https://r2.cnpmjs.org/readdirp/-/readdirp-3.6.0.tgz}
    engines: {node: '>=8.10.0'}

  require-directory@2.1.1:
    resolution: {integrity: sha512-fGxEI7+wsG9xrvdjsrlmL22OMTTiHRwAMroiEeMgq8gzoLC/PQr7RsRDSTLUg/bZAZtF+TVIkHc6/4RIKrui+Q==, tarball: https://r2.cnpmjs.org/require-directory/-/require-directory-2.1.1.tgz}
    engines: {node: '>=0.10.0'}

  require-main-filename@2.0.0:
    resolution: {integrity: sha512-NKN5kMDylKuldxYLSUfrbo5Tuzh4hd+2E8NPPX02mZtn1VuREQToYe/ZdlJy+J3uCpfaiGF05e7B8W0iXbQHmg==, tarball: https://r2.cnpmjs.org/require-main-filename/-/require-main-filename-2.0.0.tgz}

  restore-cursor@5.1.0:
    resolution: {integrity: sha512-oMA2dcrw6u0YfxJQXm342bFKX/E4sG9rbTzO9ptUcR/e8A33cHuvStiYOwH7fszkZlZ1z/ta9AAoPk2F4qIOHA==}
    engines: {node: '>=18'}

  run-async@3.0.0:
    resolution: {integrity: sha512-540WwVDOMxA6dN6We19EcT9sc3hkXPw5mzRNGM3FkdN/vtE9NFvj5lFAPNwUDmJjXidm3v7TC1cTE7t17Ulm1Q==}
    engines: {node: '>=0.12.0'}

  rxjs@7.8.1:
    resolution: {integrity: sha512-AA3TVj+0A2iuIoQkWEK/tqFjBq2j+6PO6Y0zJcvzLAFhEFIO3HL0vls9hWLncZbAAbK0mar7oZ4V079I/qPMxg==}

  safer-buffer@2.1.2:
    resolution: {integrity: sha512-YZo3K82SD7Riyi0E1EQPojLz7kpepnSQI9IyPbHHg1XXXevb5dJI7tpyN2ADxGcQbHG7vcyRHk0cbwqcQriUtg==, tarball: https://r2.cnpmjs.org/safer-buffer/-/safer-buffer-2.1.2.tgz}

  set-blocking@2.0.0:
    resolution: {integrity: sha512-KiKBS8AnWGEyLzofFfmvKwpdPzqiy16LvQfK3yv/fVH7Bj13/wl3JSR1J+rfgRE9q7xUJK4qvgS8raSOeLUehw==, tarball: https://r2.cnpmjs.org/set-blocking/-/set-blocking-2.0.0.tgz}

  signal-exit@4.1.0:
    resolution: {integrity: sha512-bzyZ1e88w9O1iNJbKnOlvYTrWPDl46O1bG0D3XInv+9tkPrxrN8jUUTiFlDkkmKWgn1M6CfIA13SuGqOa9Korw==}
    engines: {node: '>=14'}

  slice-ansi@7.1.0:
    resolution: {integrity: sha512-bSiSngZ/jWeX93BqeIAbImyTbEihizcwNjFoRUIY/T1wWQsfsm2Vw1agPKylXvQTU7iASGdHhyqRlqQzfz+Htg==}
    engines: {node: '>=18'}

  string-width@3.1.0:
    resolution: {integrity: sha512-vafcv6KjVZKSgz06oM/H6GDBrAtz8vdhQakGjFIvNrHA6y3HCF1CInLy+QLq8dTJPQ1b+KDUqDFctkdRW44e1w==, tarball: https://r2.cnpmjs.org/string-width/-/string-width-3.1.0.tgz}
    engines: {node: '>=6'}

  string-width@4.2.3:
    resolution: {integrity: sha512-wKyQRQpjJ0sIp62ErSZdGsjMJWsap5oRNihHhu6G7JVO/9jIB6UyevL+tXuOqrng8j/cxKTWyWUwvSTriiZz/g==, tarball: https://r2.cnpmjs.org/string-width/-/string-width-4.2.3.tgz}
    engines: {node: '>=8'}

  string-width@7.2.0:
    resolution: {integrity: sha512-tsaTIkKW9b4N+AEj+SVA+WhJzV7/zMhcSu78mLKWSk7cXMOSHsBKFWUs0fWwq8QyK3MgJBQRX6Gbi4kYbdvGkQ==}
    engines: {node: '>=18'}

  strip-ansi@5.2.0:
    resolution: {integrity: sha512-DuRs1gKbBqsMKIZlrffwlug8MHkcnpjs5VPmL1PAh+mA30U0DTotfDZ0d2UUsXpPmPmMMJ6W773MaA3J+lbiWA==, tarball: https://r2.cnpmjs.org/strip-ansi/-/strip-ansi-5.2.0.tgz}
    engines: {node: '>=6'}

  strip-ansi@6.0.1:
    resolution: {integrity: sha512-Y38VPSHcqkFrCpFnQ9vuSXmquuv5oXOKpGeT6aGrr3o3Gc9AlVa6JBfUSOCnbxGGZF+/0ooI7KrPuUSztUdU5A==, tarball: https://r2.cnpmjs.org/strip-ansi/-/strip-ansi-6.0.1.tgz}
    engines: {node: '>=8'}

  strip-ansi@7.1.0:
    resolution: {integrity: sha512-iq6eVVI64nQQTRYq2KtEg2d2uU7LElhTJwsH4YzIHZshxlgZms/wIc4VoDQTlG/IvVIrBKG06CrZnp0qv7hkcQ==}
    engines: {node: '>=12'}

  tmp@0.0.33:
    resolution: {integrity: sha512-jRCJlojKnZ3addtTOjdIqoRuPEKBvNXcGYqzO6zWZX8KfKEpnGY5jfggJQ3EjKuu8D4bJRr0y+cYJFmYbImXGw==, tarball: https://r2.cnpmjs.org/tmp/-/tmp-0.0.33.tgz}
    engines: {node: '>=0.6.0'}

  to-regex-range@5.0.1:
    resolution: {integrity: sha512-65P7iz6X5yEr1cwcgvQxbbIw7Uk3gOy5dIdtZ4rDveLqhrdJP+Li/Hx6tyK0NEb+2GCyneCMJiGqrADCSNk8sQ==, tarball: https://r2.cnpmjs.org/to-regex-range/-/to-regex-range-5.0.1.tgz}
    engines: {node: '>=8.0'}

  tslib@2.7.0:
    resolution: {integrity: sha512-gLXCKdN1/j47AiHiOkJN69hJmcbGTHI0ImLmbYLHykhgeN0jVGola9yVjFgzCUklsZQMW55o+dW7IXv3RCXDzA==}

  type-fest@0.21.3:
    resolution: {integrity: sha512-t0rzBq87m3fVcduHDUFhKmyyX+9eo6WQjZvf51Ea/M0Q7+T374Jp1aUiyUl0GKxp8M/OETVHSDvmkyPgvX+X2w==, tarball: https://r2.cnpmjs.org/type-fest/-/type-fest-0.21.3.tgz}
    engines: {node: '>=10'}

  type-fest@4.26.0:
    resolution: {integrity: sha512-OduNjVJsFbifKb57UqZ2EMP1i4u64Xwow3NYXUtBbD4vIwJdQd4+xl8YDou1dlm4DVrtwT/7Ky8z8WyCULVfxw==}
    engines: {node: '>=16'}

  typescript@5.5.4:
    resolution: {integrity: sha512-Mtq29sKDAEYP7aljRgtPOpTvOfbwRWlS6dPRzwjdE+C0R4brX/GUyhHSecbHMFLNBLcJIPt9nl9yG5TZ1weH+Q==}
    engines: {node: '>=14.17'}
    hasBin: true

  undici-types@6.19.8:
    resolution: {integrity: sha512-ve2KP6f/JnbPBFyobGHuerC9g1FYGn/F8n1LWTwNxCEzd6IfqTwUQcNXgEtmmQ6DlRrC1hrSrBnCZPokRrDHjw==}

  universalify@2.0.1:
    resolution: {integrity: sha512-gptHNQghINnc/vTGIk0SOFGFNXw7JVrlRUtConJRlvaw6DuX0wO5Jeko9sWrMBhh+PsYAZ7oXAiOnf/UKogyiw==}
    engines: {node: '>= 10.0.0'}

  which-module@2.0.1:
    resolution: {integrity: sha512-iBdZ57RDvnOR9AGBhML2vFZf7h8vmBjhoaZqODJBFWHVtKkDmKuHai3cx5PgVMrX5YDNp27AofYbAwctSS+vhQ==}

  widest-line@5.0.0:
    resolution: {integrity: sha512-c9bZp7b5YtRj2wOe6dlj32MK+Bx/M/d+9VB2SHM1OtsUHR0aV0tdP6DWh/iMt0kWi1t5g1Iudu6hQRNd1A4PVA==}
    engines: {node: '>=18'}

  window-size@1.1.1:
    resolution: {integrity: sha512-5D/9vujkmVQ7pSmc0SCBmHXbkv6eaHwXEx65MywhmUMsI8sGqJ972APq1lotfcwMKPFLuCFfL8xGHLIp7jaBmA==, tarball: https://r2.cnpmjs.org/window-size/-/window-size-1.1.1.tgz}
    engines: {node: '>= 0.10.0'}
    hasBin: true

  wrap-ansi@5.1.0:
    resolution: {integrity: sha512-QC1/iN/2/RPVJ5jYK8BGttj5z83LmSKmvbvrXPNCLZSEb32KKVDJDl/MOt2N01qU2H/FkzEa9PKto1BqDjtd7Q==, tarball: https://r2.cnpmjs.org/wrap-ansi/-/wrap-ansi-5.1.0.tgz}
    engines: {node: '>=6'}

  wrap-ansi@6.2.0:
    resolution: {integrity: sha512-r6lPcBGxZXlIcymEu7InxDMhdW0KDxpLgoFLcguasxCaJ/SOIZwINatK9KY/tf+ZrlywOKU0UDj3ATXUBfxJXA==, tarball: https://r2.cnpmjs.org/wrap-ansi/-/wrap-ansi-6.2.0.tgz}
    engines: {node: '>=8'}

  wrap-ansi@9.0.0:
    resolution: {integrity: sha512-G8ura3S+3Z2G+mkgNRq8dqaFZAuxfsxpBB8OCTGRTCtp+l/v9nbFNmCUP1BZMts3G1142MsZfn6eeUKrr4PD1Q==}
    engines: {node: '>=18'}

  y18n@4.0.3:
    resolution: {integrity: sha512-JKhqTOwSrqNA1NY5lSztJ1GrBiUodLMmIZuLiDaMRJ+itFd+ABVE8XBjOvIWL+rSqNDC74LCSFmlb/U4UZ4hJQ==, tarball: https://r2.cnpmjs.org/y18n/-/y18n-4.0.3.tgz}

  yargs-parser@13.1.2:
    resolution: {integrity: sha512-3lbsNRf/j+A4QuSZfDRA7HRSfWrzO0YjqTJd5kjAq37Zep1CEgaYmrH9Q3GwPiB9cHyd1Y1UwggGhJGoxipbzg==, tarball: https://r2.cnpmjs.org/yargs-parser/-/yargs-parser-13.1.2.tgz}

  yargs@13.3.2:
    resolution: {integrity: sha512-AX3Zw5iPruN5ie6xGRIDgqkT+ZhnRlZMLMHAs8tg7nRruy2Nb+i5o9bwghAogtM08q1dpr2LVoS8KSTMYpWXUw==, tarball: https://r2.cnpmjs.org/yargs/-/yargs-13.3.2.tgz}

  yoctocolors-cjs@2.1.2:
    resolution: {integrity: sha512-cYVsTjKl8b+FrnidjibDWskAv7UKOfcwaVZdp/it9n1s9fU3IkgDbhdIRKCW4JDsAlECJY0ytoVPT3sK6kideA==}
    engines: {node: '>=18'}

  zod@3.23.8:
    resolution: {integrity: sha512-XBx9AXhXktjUqnepgTiE5flcKIYWi/rme0Eaj+5Y0lftuGBq+jyRu/md4WnuxqgP1ubdpNCsYEYPxrzVHD8d6g==}

  zx@8.1.5:
    resolution: {integrity: sha512-gvmiYPvDDEz2Gcc37x7pJkipTKcFIE18q9QlSI1p5qoPDtoSn3jmGuWD0eEb7HuxEH5aDD7N/RVgH8BqSxbKzA==}
    engines: {node: '>= 12.17.0'}
    hasBin: true

snapshots:

  '@commander-js/extra-typings@12.1.0(commander@12.1.0)':
    dependencies:
      commander: 12.1.0

  '@esbuild/aix-ppc64@0.23.1':
    optional: true

  '@esbuild/android-arm64@0.23.1':
    optional: true

  '@esbuild/android-arm@0.23.1':
    optional: true

  '@esbuild/android-x64@0.23.1':
    optional: true

  '@esbuild/darwin-arm64@0.23.1':
    optional: true

  '@esbuild/darwin-x64@0.23.1':
    optional: true

  '@esbuild/freebsd-arm64@0.23.1':
    optional: true

  '@esbuild/freebsd-x64@0.23.1':
    optional: true

  '@esbuild/linux-arm64@0.23.1':
    optional: true

  '@esbuild/linux-arm@0.23.1':
    optional: true

  '@esbuild/linux-ia32@0.23.1':
    optional: true

  '@esbuild/linux-loong64@0.23.1':
    optional: true

  '@esbuild/linux-mips64el@0.23.1':
    optional: true

  '@esbuild/linux-ppc64@0.23.1':
    optional: true

  '@esbuild/linux-riscv64@0.23.1':
    optional: true

  '@esbuild/linux-s390x@0.23.1':
    optional: true

  '@esbuild/linux-x64@0.23.1':
    optional: true

  '@esbuild/netbsd-x64@0.23.1':
    optional: true

  '@esbuild/openbsd-arm64@0.23.1':
    optional: true

  '@esbuild/openbsd-x64@0.23.1':
    optional: true

  '@esbuild/sunos-x64@0.23.1':
    optional: true

  '@esbuild/win32-arm64@0.23.1':
    optional: true

  '@esbuild/win32-ia32@0.23.1':
    optional: true

  '@esbuild/win32-x64@0.23.1':
    optional: true

  '@inquirer/checkbox@2.4.7':
    dependencies:
      '@inquirer/core': 9.0.10
      '@inquirer/figures': 1.0.5
      '@inquirer/type': 1.5.2
      ansi-escapes: 4.3.2
      yoctocolors-cjs: 2.1.2

  '@inquirer/confirm@3.1.22':
    dependencies:
      '@inquirer/core': 9.0.10
      '@inquirer/type': 1.5.2

  '@inquirer/core@9.0.10':
    dependencies:
      '@inquirer/figures': 1.0.5
      '@inquirer/type': 1.5.2
      '@types/mute-stream': 0.0.4
      '@types/node': 22.5.1
      '@types/wrap-ansi': 3.0.0
      ansi-escapes: 4.3.2
      cli-spinners: 2.9.2
      cli-width: 4.1.0
      mute-stream: 1.0.0
      signal-exit: 4.1.0
      strip-ansi: 6.0.1
      wrap-ansi: 6.2.0
      yoctocolors-cjs: 2.1.2

  '@inquirer/editor@2.1.22':
    dependencies:
      '@inquirer/core': 9.0.10
      '@inquirer/type': 1.5.2
      external-editor: 3.1.0

  '@inquirer/expand@2.1.22':
    dependencies:
      '@inquirer/core': 9.0.10
      '@inquirer/type': 1.5.2
      yoctocolors-cjs: 2.1.2

  '@inquirer/figures@1.0.5': {}

  '@inquirer/input@2.2.9':
    dependencies:
      '@inquirer/core': 9.0.10
      '@inquirer/type': 1.5.2

  '@inquirer/number@1.0.10':
    dependencies:
      '@inquirer/core': 9.0.10
      '@inquirer/type': 1.5.2

  '@inquirer/password@2.1.22':
    dependencies:
      '@inquirer/core': 9.0.10
      '@inquirer/type': 1.5.2
      ansi-escapes: 4.3.2

  '@inquirer/prompts@5.3.8':
    dependencies:
      '@inquirer/checkbox': 2.4.7
      '@inquirer/confirm': 3.1.22
      '@inquirer/editor': 2.1.22
      '@inquirer/expand': 2.1.22
      '@inquirer/input': 2.2.9
      '@inquirer/number': 1.0.10
      '@inquirer/password': 2.1.22
      '@inquirer/rawlist': 2.2.4
      '@inquirer/search': 1.0.7
      '@inquirer/select': 2.4.7

  '@inquirer/rawlist@2.2.4':
    dependencies:
      '@inquirer/core': 9.0.10
      '@inquirer/type': 1.5.2
      yoctocolors-cjs: 2.1.2

  '@inquirer/search@1.0.7':
    dependencies:
      '@inquirer/core': 9.0.10
      '@inquirer/figures': 1.0.5
      '@inquirer/type': 1.5.2
      yoctocolors-cjs: 2.1.2

  '@inquirer/select@2.4.7':
    dependencies:
      '@inquirer/core': 9.0.10
      '@inquirer/figures': 1.0.5
      '@inquirer/type': 1.5.2
      ansi-escapes: 4.3.2
      yoctocolors-cjs: 2.1.2

  '@inquirer/type@1.5.2':
    dependencies:
      mute-stream: 1.0.0

  '@types/fs-extra@11.0.4':
    dependencies:
      '@types/jsonfile': 6.1.4
      '@types/node': 22.5.1

  '@types/inquirer@9.0.7':
    dependencies:
      '@types/through': 0.0.33
      rxjs: 7.8.1

  '@types/jsonfile@6.1.4':
    dependencies:
      '@types/node': 22.5.1

  '@types/mute-stream@0.0.4':
    dependencies:
      '@types/node': 22.5.1

  '@types/node@22.5.1':
    dependencies:
      undici-types: 6.19.8

  '@types/through@0.0.33':
    dependencies:
      '@types/node': 22.5.1

  '@types/window-size@1.1.4':
    dependencies:
      '@types/node': 22.5.1

  '@types/wrap-ansi@3.0.0': {}

  ansi-align@3.0.1:
    dependencies:
      string-width: 4.2.3

  ansi-escapes@4.3.2:
    dependencies:
      type-fest: 0.21.3

  ansi-escapes@7.0.0:
    dependencies:
      environment: 1.1.0

  ansi-regex@4.1.1: {}

  ansi-regex@5.0.1: {}

  ansi-regex@6.0.1: {}

  ansi-styles@3.2.1:
    dependencies:
      color-convert: 1.9.3

  ansi-styles@4.3.0:
    dependencies:
      color-convert: 2.0.1

  ansi-styles@6.2.1: {}

  anymatch@3.1.3:
    dependencies:
      normalize-path: 3.0.0
      picomatch: 2.3.1

  asynckit@0.4.0: {}

  axios@1.7.7:
    dependencies:
      follow-redirects: 1.15.6
      form-data: 4.0.0
      proxy-from-env: 1.1.0
    transitivePeerDependencies:
      - debug

  binary-extensions@2.3.0: {}

  boxen@8.0.1:
    dependencies:
      ansi-align: 3.0.1
      camelcase: 8.0.0
      chalk: 5.3.0
      cli-boxes: 3.0.0
      string-width: 7.2.0
      type-fest: 4.26.0
      widest-line: 5.0.0
      wrap-ansi: 9.0.0

  braces@3.0.3:
    dependencies:
      fill-range: 7.1.1

  camelcase@5.3.1: {}

  camelcase@8.0.0: {}

  chalk@5.3.0: {}

  chardet@0.7.0: {}

  chokidar-cli@3.0.0:
    dependencies:
      chokidar: 3.6.0
      lodash.debounce: 4.0.8
      lodash.throttle: 4.1.1
      yargs: 13.3.2

  chokidar@3.6.0:
    dependencies:
      anymatch: 3.1.3
      braces: 3.0.3
      glob-parent: 5.1.2
      is-binary-path: 2.1.0
      is-glob: 4.0.3
      normalize-path: 3.0.0
      readdirp: 3.6.0
    optionalDependencies:
      fsevents: 2.3.3

  cli-boxes@3.0.0: {}

  cli-cursor@5.0.0:
    dependencies:
      restore-cursor: 5.1.0

  cli-spinners@2.9.2: {}

  cli-width@4.1.0: {}

  cliui@5.0.0:
    dependencies:
      string-width: 3.1.0
      strip-ansi: 5.2.0
      wrap-ansi: 5.1.0

  color-convert@1.9.3:
    dependencies:
      color-name: 1.1.3

  color-convert@2.0.1:
    dependencies:
      color-name: 1.1.4

  color-name@1.1.3: {}

  color-name@1.1.4: {}

  combined-stream@1.0.8:
    dependencies:
      delayed-stream: 1.0.0

  commander@12.1.0: {}

  decamelize@1.2.0: {}

  define-property@1.0.0:
    dependencies:
      is-descriptor: 1.0.3

  delayed-stream@1.0.0: {}

  emoji-regex@10.4.0: {}

  emoji-regex@7.0.3: {}

  emoji-regex@8.0.0: {}

  environment@1.1.0: {}

  esbuild@0.23.1:
    optionalDependencies:
      '@esbuild/aix-ppc64': 0.23.1
      '@esbuild/android-arm': 0.23.1
      '@esbuild/android-arm64': 0.23.1
      '@esbuild/android-x64': 0.23.1
      '@esbuild/darwin-arm64': 0.23.1
      '@esbuild/darwin-x64': 0.23.1
      '@esbuild/freebsd-arm64': 0.23.1
      '@esbuild/freebsd-x64': 0.23.1
      '@esbuild/linux-arm': 0.23.1
      '@esbuild/linux-arm64': 0.23.1
      '@esbuild/linux-ia32': 0.23.1
      '@esbuild/linux-loong64': 0.23.1
      '@esbuild/linux-mips64el': 0.23.1
      '@esbuild/linux-ppc64': 0.23.1
      '@esbuild/linux-riscv64': 0.23.1
      '@esbuild/linux-s390x': 0.23.1
      '@esbuild/linux-x64': 0.23.1
      '@esbuild/netbsd-x64': 0.23.1
      '@esbuild/openbsd-arm64': 0.23.1
      '@esbuild/openbsd-x64': 0.23.1
      '@esbuild/sunos-x64': 0.23.1
      '@esbuild/win32-arm64': 0.23.1
      '@esbuild/win32-ia32': 0.23.1
      '@esbuild/win32-x64': 0.23.1

  external-editor@3.1.0:
    dependencies:
      chardet: 0.7.0
      iconv-lite: 0.4.24
      tmp: 0.0.33

  fill-range@7.1.1:
    dependencies:
      to-regex-range: 5.0.1

  find-up@3.0.0:
    dependencies:
      locate-path: 3.0.0

  follow-redirects@1.15.6: {}

  form-data@4.0.0:
    dependencies:
      asynckit: 0.4.0
      combined-stream: 1.0.8
      mime-types: 2.1.35

  fs-extra@11.2.0:
    dependencies:
      graceful-fs: 4.2.11
      jsonfile: 6.1.0
      universalify: 2.0.1

  fsevents@2.3.3:
    optional: true

  function-bind@1.1.2: {}

  get-caller-file@2.0.5: {}

  get-east-asian-width@1.2.0: {}

  glob-parent@5.1.2:
    dependencies:
      is-glob: 4.0.3

  graceful-fs@4.2.11: {}

  hasown@2.0.2:
    dependencies:
      function-bind: 1.1.2

  iconv-lite@0.4.24:
    dependencies:
      safer-buffer: 2.1.2

  inquirer@10.1.8:
    dependencies:
      '@inquirer/prompts': 5.3.8
      '@inquirer/type': 1.5.2
      '@types/mute-stream': 0.0.4
      ansi-escapes: 4.3.2
      mute-stream: 1.0.0
      run-async: 3.0.0
      rxjs: 7.8.1

  is-accessor-descriptor@1.0.1:
    dependencies:
      hasown: 2.0.2

  is-binary-path@2.1.0:
    dependencies:
      binary-extensions: 2.3.0

  is-buffer@1.1.6: {}

  is-data-descriptor@1.0.1:
    dependencies:
      hasown: 2.0.2

  is-descriptor@1.0.3:
    dependencies:
      is-accessor-descriptor: 1.0.1
      is-data-descriptor: 1.0.1

  is-extglob@2.1.1: {}

  is-fullwidth-code-point@2.0.0: {}

  is-fullwidth-code-point@3.0.0: {}

  is-fullwidth-code-point@5.0.0:
    dependencies:
      get-east-asian-width: 1.2.0

  is-glob@4.0.3:
    dependencies:
      is-extglob: 2.1.1

  is-number@3.0.0:
    dependencies:
      kind-of: 3.2.2

  is-number@7.0.0: {}

  jsonfile@6.1.0:
    dependencies:
      universalify: 2.0.1
    optionalDependencies:
      graceful-fs: 4.2.11

  kind-of@3.2.2:
    dependencies:
      is-buffer: 1.1.6

  locate-path@3.0.0:
    dependencies:
      p-locate: 3.0.0
      path-exists: 3.0.0

  lodash.debounce@4.0.8: {}

  lodash.throttle@4.1.1: {}

  log-update@6.1.0:
    dependencies:
      ansi-escapes: 7.0.0
      cli-cursor: 5.0.0
      slice-ansi: 7.1.0
      strip-ansi: 7.1.0
      wrap-ansi: 9.0.0

  mime-db@1.52.0: {}

  mime-types@2.1.35:
    dependencies:
      mime-db: 1.52.0

  mimic-function@5.0.1: {}

  mute-stream@1.0.0: {}

  normalize-path@3.0.0: {}

  onetime@7.0.0:
    dependencies:
      mimic-function: 5.0.1

  os-tmpdir@1.0.2: {}

  p-limit@2.3.0:
    dependencies:
      p-try: 2.2.0

  p-locate@3.0.0:
    dependencies:
      p-limit: 2.3.0

  p-try@2.2.0: {}

  path-exists@3.0.0: {}

  picomatch@2.3.1: {}

  proxy-from-env@1.1.0: {}

  readdirp@3.6.0:
    dependencies:
      picomatch: 2.3.1

  require-directory@2.1.1: {}

  require-main-filename@2.0.0: {}

  restore-cursor@5.1.0:
    dependencies:
      onetime: 7.0.0
      signal-exit: 4.1.0

  run-async@3.0.0: {}

  rxjs@7.8.1:
    dependencies:
      tslib: 2.7.0

  safer-buffer@2.1.2: {}

  set-blocking@2.0.0: {}

  signal-exit@4.1.0: {}

  slice-ansi@7.1.0:
    dependencies:
      ansi-styles: 6.2.1
      is-fullwidth-code-point: 5.0.0

  string-width@3.1.0:
    dependencies:
      emoji-regex: 7.0.3
      is-fullwidth-code-point: 2.0.0
      strip-ansi: 5.2.0

  string-width@4.2.3:
    dependencies:
      emoji-regex: 8.0.0
      is-fullwidth-code-point: 3.0.0
      strip-ansi: 6.0.1

  string-width@7.2.0:
    dependencies:
      emoji-regex: 10.4.0
      get-east-asian-width: 1.2.0
      strip-ansi: 7.1.0

  strip-ansi@5.2.0:
    dependencies:
      ansi-regex: 4.1.1

  strip-ansi@6.0.1:
    dependencies:
      ansi-regex: 5.0.1

  strip-ansi@7.1.0:
    dependencies:
      ansi-regex: 6.0.1

  tmp@0.0.33:
    dependencies:
      os-tmpdir: 1.0.2

  to-regex-range@5.0.1:
    dependencies:
      is-number: 7.0.0

  tslib@2.7.0: {}

  type-fest@0.21.3: {}

  type-fest@4.26.0: {}

  typescript@5.5.4: {}

  undici-types@6.19.8: {}

  universalify@2.0.1: {}

  which-module@2.0.1: {}

  widest-line@5.0.0:
    dependencies:
      string-width: 7.2.0

  window-size@1.1.1:
    dependencies:
      define-property: 1.0.0
      is-number: 3.0.0

  wrap-ansi@5.1.0:
    dependencies:
      ansi-styles: 3.2.1
      string-width: 3.1.0
      strip-ansi: 5.2.0

  wrap-ansi@6.2.0:
    dependencies:
      ansi-styles: 4.3.0
      string-width: 4.2.3
      strip-ansi: 6.0.1

  wrap-ansi@9.0.0:
    dependencies:
      ansi-styles: 6.2.1
      string-width: 7.2.0
      strip-ansi: 7.1.0

  y18n@4.0.3: {}

  yargs-parser@13.1.2:
    dependencies:
      camelcase: 5.3.1
      decamelize: 1.2.0

  yargs@13.3.2:
    dependencies:
      cliui: 5.0.0
      find-up: 3.0.0
      get-caller-file: 2.0.5
      require-directory: 2.1.1
      require-main-filename: 2.0.0
      set-blocking: 2.0.0
      string-width: 3.1.0
      which-module: 2.0.1
      y18n: 4.0.3
      yargs-parser: 13.1.2

  yoctocolors-cjs@2.1.2: {}

  zod@3.23.8: {}

  zx@8.1.5:
    optionalDependencies:
      '@types/fs-extra': 11.0.4
      '@types/node': 22.5.1
